
Microsoft Visual Studio Solution File, Format Version 12.00
# Visual Studio Version 16
VisualStudioVersion = 16.0.30104.148
MinimumVisualStudioVersion = 10.0.40219.1
Project("{FAE04EC0-301F-11D3-BF4B-00C04F79EFBC}") = "Sum of digits", "Sum of digits.csproj", "{70432200-562B-4D43-9B7C-618872AA34E5}"
EndProject
Global
	GlobalSection(SolutionConfigurationPlatforms) = preSolution
		Debug|Any CPU = Debug|Any CPU
		Release|Any CPU = Release|Any CPU
	EndGlobalSection
	GlobalSection(ProjectConfigurationPlatforms) = postSolution
		{70432200-562B-4D43-9B7C-618872AA34E5}.Debug|Any CPU.ActiveCfg = Debug|Any CPU
		{70432200-562B-4D43-9B7C-618872AA34E5}.Debug|Any CPU.Build.0 = Debug|Any CPU
		{70432200-562B-4D43-9B7C-618872AA34E5}.Release|Any CPU.ActiveCfg = Release|Any CPU
		{70432200-562B-4D43-9B7C-618872AA34E5}.Release|Any CPU.Build.0 = Release|Any CPU
	EndGlobalSection
	GlobalSection(SolutionProperties) = preSolution
		HideSolutionNode = FALSE
	EndGlobalSection
	GlobalSection(ExtensibilityGlobals) = postSolution
		SolutionGuid = {D3EB83D2-B32E-45CF-AD8F-CA093526DD31}
	EndGlobalSection
EndGlobal
